
Microsoft Visual Studio Solution File, Format Version 12.00
# Visual Studio Version 17
VisualStudioVersion = 17.9.34728.123
MinimumVisualStudioVersion = 10.0.40219.1
Project("{FAE04EC0-301F-11D3-BF4B-00C04F79EFBC}") = "Exam", "Exam\Exam.csproj", "{1811EB9A-A961-410A-83FF-14ABDCCEAAB1}"
EndProject
Project("{FAE04EC0-301F-11D3-BF4B-00C04F79EFBC}") = "StaffManagerModels", "StaffManagerModels\StaffManagerModels.csproj", "{8A53BCC1-0DA3-480B-85BB-BA28BD14F625}"
EndProject
Global
	GlobalSection(SolutionConfigurationPlatforms) = preSolution
		Debug|Any CPU = Debug|Any CPU
		Release|Any CPU = Release|Any CPU
	EndGlobalSection
	GlobalSection(ProjectConfigurationPlatforms) = postSolution
		{1811EB9A-A961-410A-83FF-14ABDCCEAAB1}.Debug|Any CPU.ActiveCfg = Debug|Any CPU
		{1811EB9A-A961-410A-83FF-14ABDCCEAAB1}.Debug|Any CPU.Build.0 = Debug|Any CPU
		{1811EB9A-A961-410A-83FF-14ABDCCEAAB1}.Release|Any CPU.ActiveCfg = Release|Any CPU
		{1811EB9A-A961-410A-83FF-14ABDCCEAAB1}.Release|Any CPU.Build.0 = Release|Any CPU
		{8A53BCC1-0DA3-480B-85BB-BA28BD14F625}.Debug|Any CPU.ActiveCfg = Debug|Any CPU
		{8A53BCC1-0DA3-480B-85BB-BA28BD14F625}.Debug|Any CPU.Build.0 = Debug|Any CPU
		{8A53BCC1-0DA3-480B-85BB-BA28BD14F625}.Release|Any CPU.ActiveCfg = Release|Any CPU
		{8A53BCC1-0DA3-480B-85BB-BA28BD14F625}.Release|Any CPU.Build.0 = Release|Any CPU
	EndGlobalSection
	GlobalSection(SolutionProperties) = preSolution
		HideSolutionNode = FALSE
	EndGlobalSection
	GlobalSection(ExtensibilityGlobals) = postSolution
		SolutionGuid = {213487E3-3631-4054-BF4E-018647005B1D}
	EndGlobalSection
EndGlobal
